// !$*UTF8*$!
{
	archiveVersion = 1;
	classes = {
	};
	objectVersion = 50;
	objects = {

/* Begin PBXBuildFile section */
		E1683B67259C7CB50017297D /* ZomatoClient.swift in Sources */ = {isa = PBXBuildFile; fileRef = E1683B66259C7CB50017297D /* ZomatoClient.swift */; };
		E1683B6F259C7ED00017297D /* Zomato-Info.plist in Resources */ = {isa = PBXBuildFile; fileRef = E1683B6E259C7ED00017297D /* Zomato-Info.plist */; };
		E182DFB8259C68D60073A9AB /* AppDelegate.swift in Sources */ = {isa = PBXBuildFile; fileRef = E182DFB7259C68D60073A9AB /* AppDelegate.swift */; };
		E182DFBF259C68D60073A9AB /* Main.storyboard in Resources */ = {isa = PBXBuildFile; fileRef = E182DFBD259C68D60073A9AB /* Main.storyboard */; };
		E182DFC2259C68D60073A9AB /* FavRestaurants.xcdatamodeld in Sources */ = {isa = PBXBuildFile; fileRef = E182DFC0259C68D60073A9AB /* FavRestaurants.xcdatamodeld */; };
		E182DFC4259C68D60073A9AB /* Assets.xcassets in Resources */ = {isa = PBXBuildFile; fileRef = E182DFC3259C68D60073A9AB /* Assets.xcassets */; };
		E182DFC7259C68D60073A9AB /* LaunchScreen.storyboard in Resources */ = {isa = PBXBuildFile; fileRef = E182DFC5259C68D60073A9AB /* LaunchScreen.storyboard */; };
		E182DFD2259C68D70073A9AB /* FavRestaurantsTests.swift in Sources */ = {isa = PBXBuildFile; fileRef = E182DFD1259C68D70073A9AB /* FavRestaurantsTests.swift */; };
		E182DFDD259C68D70073A9AB /* FavRestaurantsUITests.swift in Sources */ = {isa = PBXBuildFile; fileRef = E182DFDC259C68D70073A9AB /* FavRestaurantsUITests.swift */; };
		E182DFF6259C7C300073A9AB /* FindRestaurantViewController.swift in Sources */ = {isa = PBXBuildFile; fileRef = E182DFF5259C7C300073A9AB /* FindRestaurantViewController.swift */; };
		E1849E87259CDB8700009594 /* SearchResponse.swift in Sources */ = {isa = PBXBuildFile; fileRef = E1849E86259CDB8700009594 /* SearchResponse.swift */; };
		E1849E8C259CDD6900009594 /* Restaurant.swift in Sources */ = {isa = PBXBuildFile; fileRef = E1849E8B259CDD6900009594 /* Restaurant.swift */; };
		E1849E91259CDE6600009594 /* ZomatoErrorResponse.swift in Sources */ = {isa = PBXBuildFile; fileRef = E1849E90259CDE6600009594 /* ZomatoErrorResponse.swift */; };
		E1E683FA259DE7F2000A42E6 /* DataController.swift in Sources */ = {isa = PBXBuildFile; fileRef = E1E683F9259DE7F2000A42E6 /* DataController.swift */; };
		E1E68402259DE8D0000A42E6 /* FavRestaurantsListViewController.swift in Sources */ = {isa = PBXBuildFile; fileRef = E1E68401259DE8D0000A42E6 /* FavRestaurantsListViewController.swift */; };
		E1E68407259DE915000A42E6 /* FavRestaurantsMapController.swift in Sources */ = {isa = PBXBuildFile; fileRef = E1E68406259DE915000A42E6 /* FavRestaurantsMapController.swift */; };
		E1E6840F259DF76E000A42E6 /* RestaurantDetailsViewController.swift in Sources */ = {isa = PBXBuildFile; fileRef = E1E6840E259DF76E000A42E6 /* RestaurantDetailsViewController.swift */; };
		E1E68418259E0FD2000A42E6 /* FavRestaurant+Extension.swift in Sources */ = {isa = PBXBuildFile; fileRef = E1E68417259E0FD2000A42E6 /* FavRestaurant+Extension.swift */; };
/* End PBXBuildFile section */

/* Begin PBXContainerItemProxy section */
		E182DFCE259C68D70073A9AB /* PBXContainerItemProxy */ = {
			isa = PBXContainerItemProxy;
			containerPortal = E182DFAC259C68D50073A9AB /* Project object */;
			proxyType = 1;
			remoteGlobalIDString = E182DFB3259C68D60073A9AB;
			remoteInfo = FavRestaurants;
		};
		E182DFD9259C68D70073A9AB /* PBXContainerItemProxy */ = {
			isa = PBXContainerItemProxy;
			containerPortal = E182DFAC259C68D50073A9AB /* Project object */;
			proxyType = 1;
			remoteGlobalIDString = E182DFB3259C68D60073A9AB;
			remoteInfo = FavRestaurants;
		};
/* End PBXContainerItemProxy section */

/* Begin PBXFileReference section */
		E1683B66259C7CB50017297D /* ZomatoClient.swift */ = {isa = PBXFileReference; lastKnownFileType = sourcecode.swift; path = ZomatoClient.swift; sourceTree = "<group>"; };
		E1683B6E259C7ED00017297D /* Zomato-Info.plist */ = {isa = PBXFileReference; lastKnownFileType = text.plist.xml; path = "Zomato-Info.plist"; sourceTree = "<group>"; };
		E182DFB4259C68D60073A9AB /* FavRestaurants.app */ = {isa = PBXFileReference; explicitFileType = wrapper.application; includeInIndex = 0; path = FavRestaurants.app; sourceTree = BUILT_PRODUCTS_DIR; };
		E182DFB7259C68D60073A9AB /* AppDelegate.swift */ = {isa = PBXFileReference; lastKnownFileType = sourcecode.swift; path = AppDelegate.swift; sourceTree = "<group>"; };
		E182DFBE259C68D60073A9AB /* Base */ = {isa = PBXFileReference; lastKnownFileType = file.storyboard; name = Base; path = Base.lproj/Main.storyboard; sourceTree = "<group>"; };
		E182DFC1259C68D60073A9AB /* FavRestaurants.xcdatamodel */ = {isa = PBXFileReference; lastKnownFileType = wrapper.xcdatamodel; path = FavRestaurants.xcdatamodel; sourceTree = "<group>"; };
		E182DFC3259C68D60073A9AB /* Assets.xcassets */ = {isa = PBXFileReference; lastKnownFileType = folder.assetcatalog; path = Assets.xcassets; sourceTree = "<group>"; };
		E182DFC6259C68D60073A9AB /* Base */ = {isa = PBXFileReference; lastKnownFileType = file.storyboard; name = Base; path = Base.lproj/LaunchScreen.storyboard; sourceTree = "<group>"; };
		E182DFC8259C68D60073A9AB /* Info.plist */ = {isa = PBXFileReference; lastKnownFileType = text.plist.xml; path = Info.plist; sourceTree = "<group>"; };
		E182DFCD259C68D70073A9AB /* FavRestaurantsTests.xctest */ = {isa = PBXFileReference; explicitFileType = wrapper.cfbundle; includeInIndex = 0; path = FavRestaurantsTests.xctest; sourceTree = BUILT_PRODUCTS_DIR; };
		E182DFD1259C68D70073A9AB /* FavRestaurantsTests.swift */ = {isa = PBXFileReference; lastKnownFileType = sourcecode.swift; path = FavRestaurantsTests.swift; sourceTree = "<group>"; };
		E182DFD3259C68D70073A9AB /* Info.plist */ = {isa = PBXFileReference; lastKnownFileType = text.plist.xml; path = Info.plist; sourceTree = "<group>"; };
		E182DFD8259C68D70073A9AB /* FavRestaurantsUITests.xctest */ = {isa = PBXFileReference; explicitFileType = wrapper.cfbundle; includeInIndex = 0; path = FavRestaurantsUITests.xctest; sourceTree = BUILT_PRODUCTS_DIR; };
		E182DFDC259C68D70073A9AB /* FavRestaurantsUITests.swift */ = {isa = PBXFileReference; lastKnownFileType = sourcecode.swift; path = FavRestaurantsUITests.swift; sourceTree = "<group>"; };
		E182DFDE259C68D70073A9AB /* Info.plist */ = {isa = PBXFileReference; lastKnownFileType = text.plist.xml; path = Info.plist; sourceTree = "<group>"; };
		E182DFF5259C7C300073A9AB /* FindRestaurantViewController.swift */ = {isa = PBXFileReference; lastKnownFileType = sourcecode.swift; path = FindRestaurantViewController.swift; sourceTree = "<group>"; };
		E1849E86259CDB8700009594 /* SearchResponse.swift */ = {isa = PBXFileReference; lastKnownFileType = sourcecode.swift; path = SearchResponse.swift; sourceTree = "<group>"; };
		E1849E8B259CDD6900009594 /* Restaurant.swift */ = {isa = PBXFileReference; lastKnownFileType = sourcecode.swift; path = Restaurant.swift; sourceTree = "<group>"; };
		E1849E90259CDE6600009594 /* ZomatoErrorResponse.swift */ = {isa = PBXFileReference; lastKnownFileType = sourcecode.swift; path = ZomatoErrorResponse.swift; sourceTree = "<group>"; };
		E1E683F9259DE7F2000A42E6 /* DataController.swift */ = {isa = PBXFileReference; lastKnownFileType = sourcecode.swift; path = DataController.swift; sourceTree = "<group>"; };
		E1E68401259DE8D0000A42E6 /* FavRestaurantsListViewController.swift */ = {isa = PBXFileReference; lastKnownFileType = sourcecode.swift; path = FavRestaurantsListViewController.swift; sourceTree = "<group>"; };
		E1E68406259DE915000A42E6 /* FavRestaurantsMapController.swift */ = {isa = PBXFileReference; lastKnownFileType = sourcecode.swift; path = FavRestaurantsMapController.swift; sourceTree = "<group>"; };
		E1E6840E259DF76E000A42E6 /* RestaurantDetailsViewController.swift */ = {isa = PBXFileReference; lastKnownFileType = sourcecode.swift; path = RestaurantDetailsViewController.swift; sourceTree = "<group>"; };
		E1E68417259E0FD2000A42E6 /* FavRestaurant+Extension.swift */ = {isa = PBXFileReference; lastKnownFileType = sourcecode.swift; path = "FavRestaurant+Extension.swift"; sourceTree = "<group>"; };
/* End PBXFileReference section */

/* Begin PBXFrameworksBuildPhase section */
		E182DFB1259C68D60073A9AB /* Frameworks */ = {
			isa = PBXFrameworksBuildPhase;
			buildActionMask = 2147483647;
			files = (
			);
			runOnlyForDeploymentPostprocessing = 0;
		};
		E182DFCA259C68D70073A9AB /* Frameworks */ = {
			isa = PBXFrameworksBuildPhase;
			buildActionMask = 2147483647;
			files = (
			);
			runOnlyForDeploymentPostprocessing = 0;
		};
		E182DFD5259C68D70073A9AB /* Frameworks */ = {
			isa = PBXFrameworksBuildPhase;
			buildActionMask = 2147483647;
			files = (
			);
			runOnlyForDeploymentPostprocessing = 0;
		};
/* End PBXFrameworksBuildPhase section */

/* Begin PBXGroup section */
		E1683B65259C7C890017297D /* Networking */ = {
			isa = PBXGroup;
			children = (
				E1849E7D259CDB3D00009594 /* ZomatoResponses */,
				E1683B66259C7CB50017297D /* ZomatoClient.swift */,
			);
			path = Networking;
			sourceTree = "<group>";
		};
		E182DFAB259C68D50073A9AB = {
			isa = PBXGroup;
			children = (
				E182DFB6259C68D60073A9AB /* FavRestaurants */,
				E182DFD0259C68D70073A9AB /* FavRestaurantsTests */,
				E182DFDB259C68D70073A9AB /* FavRestaurantsUITests */,
				E182DFB5259C68D60073A9AB /* Products */,
			);
			sourceTree = "<group>";
		};
		E182DFB5259C68D60073A9AB /* Products */ = {
			isa = PBXGroup;
			children = (
				E182DFB4259C68D60073A9AB /* FavRestaurants.app */,
				E182DFCD259C68D70073A9AB /* FavRestaurantsTests.xctest */,
				E182DFD8259C68D70073A9AB /* FavRestaurantsUITests.xctest */,
			);
			name = Products;
			sourceTree = "<group>";
		};
		E182DFB6259C68D60073A9AB /* FavRestaurants */ = {
			isa = PBXGroup;
			children = (
				E1E683F8259DE7E5000A42E6 /* Model */,
				E1683B6E259C7ED00017297D /* Zomato-Info.plist */,
				E1683B65259C7C890017297D /* Networking */,
				E182DFF4259C7C020073A9AB /* View Controllers */,
				E182DFC8259C68D60073A9AB /* Info.plist */,
				E182DFED259C69C50073A9AB /* Assets */,
				E182DFB7259C68D60073A9AB /* AppDelegate.swift */,
			);
			path = FavRestaurants;
			sourceTree = "<group>";
		};
		E182DFD0259C68D70073A9AB /* FavRestaurantsTests */ = {
			isa = PBXGroup;
			children = (
				E182DFD1259C68D70073A9AB /* FavRestaurantsTests.swift */,
				E182DFD3259C68D70073A9AB /* Info.plist */,
			);
			path = FavRestaurantsTests;
			sourceTree = "<group>";
		};
		E182DFDB259C68D70073A9AB /* FavRestaurantsUITests */ = {
			isa = PBXGroup;
			children = (
				E182DFDC259C68D70073A9AB /* FavRestaurantsUITests.swift */,
				E182DFDE259C68D70073A9AB /* Info.plist */,
			);
			path = FavRestaurantsUITests;
			sourceTree = "<group>";
		};
		E182DFED259C69C50073A9AB /* Assets */ = {
			isa = PBXGroup;
			children = (
				E182DFBD259C68D60073A9AB /* Main.storyboard */,
				E182DFC5259C68D60073A9AB /* LaunchScreen.storyboard */,
				E182DFC3259C68D60073A9AB /* Assets.xcassets */,
			);
			path = Assets;
			sourceTree = "<group>";
		};
		E182DFF4259C7C020073A9AB /* View Controllers */ = {
			isa = PBXGroup;
			children = (
				E182DFF5259C7C300073A9AB /* FindRestaurantViewController.swift */,
				E1E68401259DE8D0000A42E6 /* FavRestaurantsListViewController.swift */,
				E1E68406259DE915000A42E6 /* FavRestaurantsMapController.swift */,
				E1E6840E259DF76E000A42E6 /* RestaurantDetailsViewController.swift */,
			);
			path = "View Controllers";
			sourceTree = "<group>";
		};
		E1849E7D259CDB3D00009594 /* ZomatoResponses */ = {
			isa = PBXGroup;
			children = (
				E1849E86259CDB8700009594 /* SearchResponse.swift */,
				E1849E8B259CDD6900009594 /* Restaurant.swift */,
				E1849E90259CDE6600009594 /* ZomatoErrorResponse.swift */,
			);
			path = ZomatoResponses;
			sourceTree = "<group>";
		};
		E1E683F8259DE7E5000A42E6 /* Model */ = {
			isa = PBXGroup;
			children = (
				E1E68416259E0FA0000A42E6 /* Managed Object Extensions */,
				E1E683F9259DE7F2000A42E6 /* DataController.swift */,
				E182DFC0259C68D60073A9AB /* FavRestaurants.xcdatamodeld */,
			);
			path = Model;
			sourceTree = "<group>";
		};
		E1E68416259E0FA0000A42E6 /* Managed Object Extensions */ = {
			isa = PBXGroup;
			children = (
				E1E68417259E0FD2000A42E6 /* FavRestaurant+Extension.swift */,
			);
			path = "Managed Object Extensions";
			sourceTree = "<group>";
		};
/* End PBXGroup section */

/* Begin PBXNativeTarget section */
		E182DFB3259C68D60073A9AB /* FavRestaurants */ = {
			isa = PBXNativeTarget;
			buildConfigurationList = E182DFE1259C68D70073A9AB /* Build configuration list for PBXNativeTarget "FavRestaurants" */;
			buildPhases = (
				E182DFB0259C68D60073A9AB /* Sources */,
				E182DFB1259C68D60073A9AB /* Frameworks */,
				E182DFB2259C68D60073A9AB /* Resources */,
			);
			buildRules = (
			);
			dependencies = (
			);
			name = FavRestaurants;
			productName = FavRestaurants;
			productReference = E182DFB4259C68D60073A9AB /* FavRestaurants.app */;
			productType = "com.apple.product-type.application";
		};
		E182DFCC259C68D70073A9AB /* FavRestaurantsTests */ = {
			isa = PBXNativeTarget;
			buildConfigurationList = E182DFE4259C68D70073A9AB /* Build configuration list for PBXNativeTarget "FavRestaurantsTests" */;
			buildPhases = (
				E182DFC9259C68D70073A9AB /* Sources */,
				E182DFCA259C68D70073A9AB /* Frameworks */,
				E182DFCB259C68D70073A9AB /* Resources */,
			);
			buildRules = (
			);
			dependencies = (
				E182DFCF259C68D70073A9AB /* PBXTargetDependency */,
			);
			name = FavRestaurantsTests;
			productName = FavRestaurantsTests;
			productReference = E182DFCD259C68D70073A9AB /* FavRestaurantsTests.xctest */;
			productType = "com.apple.product-type.bundle.unit-test";
		};
		E182DFD7259C68D70073A9AB /* FavRestaurantsUITests */ = {
			isa = PBXNativeTarget;
			buildConfigurationList = E182DFE7259C68D70073A9AB /* Build configuration list for PBXNativeTarget "FavRestaurantsUITests" */;
			buildPhases = (
				E182DFD4259C68D70073A9AB /* Sources */,
				E182DFD5259C68D70073A9AB /* Frameworks */,
				E182DFD6259C68D70073A9AB /* Resources */,
			);
			buildRules = (
			);
			dependencies = (
				E182DFDA259C68D70073A9AB /* PBXTargetDependency */,
			);
			name = FavRestaurantsUITests;
			productName = FavRestaurantsUITests;
			productReference = E182DFD8259C68D70073A9AB /* FavRestaurantsUITests.xctest */;
			productType = "com.apple.product-type.bundle.ui-testing";
		};
/* End PBXNativeTarget section */

/* Begin PBXProject section */
		E182DFAC259C68D50073A9AB /* Project object */ = {
			isa = PBXProject;
			attributes = {
				LastSwiftUpdateCheck = 1230;
				LastUpgradeCheck = 1230;
				TargetAttributes = {
					E182DFB3259C68D60073A9AB = {
						CreatedOnToolsVersion = 12.3;
					};
					E182DFCC259C68D70073A9AB = {
						CreatedOnToolsVersion = 12.3;
						TestTargetID = E182DFB3259C68D60073A9AB;
					};
					E182DFD7259C68D70073A9AB = {
						CreatedOnToolsVersion = 12.3;
						TestTargetID = E182DFB3259C68D60073A9AB;
					};
				};
			};
			buildConfigurationList = E182DFAF259C68D50073A9AB /* Build configuration list for PBXProject "FavRestaurants" */;
			compatibilityVersion = "Xcode 9.3";
			developmentRegion = en;
			hasScannedForEncodings = 0;
			knownRegions = (
				en,
				Base,
			);
			mainGroup = E182DFAB259C68D50073A9AB;
			productRefGroup = E182DFB5259C68D60073A9AB /* Products */;
			projectDirPath = "";
			projectRoot = "";
			targets = (
				E182DFB3259C68D60073A9AB /* FavRestaurants */,
				E182DFCC259C68D70073A9AB /* FavRestaurantsTests */,
				E182DFD7259C68D70073A9AB /* FavRestaurantsUITests */,
			);
		};
/* End PBXProject section */

/* Begin PBXResourcesBuildPhase section */
		E182DFB2259C68D60073A9AB /* Resources */ = {
			isa = PBXResourcesBuildPhase;
			buildActionMask = 2147483647;
			files = (
				E182DFC7259C68D60073A9AB /* LaunchScreen.storyboard in Resources */,
				E182DFC4259C68D60073A9AB /* Assets.xcassets in Resources */,
				E1683B6F259C7ED00017297D /* Zomato-Info.plist in Resources */,
				E182DFBF259C68D60073A9AB /* Main.storyboard in Resources */,
			);
			runOnlyForDeploymentPostprocessing = 0;
		};
		E182DFCB259C68D70073A9AB /* Resources */ = {
			isa = PBXResourcesBuildPhase;
			buildActionMask = 2147483647;
			files = (
			);
			runOnlyForDeploymentPostprocessing = 0;
		};
		E182DFD6259C68D70073A9AB /* Resources */ = {
			isa = PBXResourcesBuildPhase;
			buildActionMask = 2147483647;
			files = (
			);
			runOnlyForDeploymentPostprocessing = 0;
		};
/* End PBXResourcesBuildPhase section */

/* Begin PBXSourcesBuildPhase section */
		E182DFB0259C68D60073A9AB /* Sources */ = {
			isa = PBXSourcesBuildPhase;
			buildActionMask = 2147483647;
			files = (
				E1849E87259CDB8700009594 /* SearchResponse.swift in Sources */,
				E1683B67259C7CB50017297D /* ZomatoClient.swift in Sources */,
				E182DFF6259C7C300073A9AB /* FindRestaurantViewController.swift in Sources */,
				E182DFC2259C68D60073A9AB /* FavRestaurants.xcdatamodeld in Sources */,
				E1849E8C259CDD6900009594 /* Restaurant.swift in Sources */,
				E1E68418259E0FD2000A42E6 /* FavRestaurant+Extension.swift in Sources */,
				E1E683FA259DE7F2000A42E6 /* DataController.swift in Sources */,
				E1E6840F259DF76E000A42E6 /* RestaurantDetailsViewController.swift in Sources */,
				E1E68407259DE915000A42E6 /* FavRestaurantsMapController.swift in Sources */,
				E1E68402259DE8D0000A42E6 /* FavRestaurantsListViewController.swift in Sources */,
				E1849E91259CDE6600009594 /* ZomatoErrorResponse.swift in Sources */,
				E182DFB8259C68D60073A9AB /* AppDelegate.swift in Sources */,
			);
			runOnlyForDeploymentPostprocessing = 0;
		};
		E182DFC9259C68D70073A9AB /* Sources */ = {
			isa = PBXSourcesBuildPhase;
			buildActionMask = 2147483647;
			files = (
				E182DFD2259C68D70073A9AB /* FavRestaurantsTests.swift in Sources */,
			);
			runOnlyForDeploymentPostprocessing = 0;
		};
		E182DFD4259C68D70073A9AB /* Sources */ = {
			isa = PBXSourcesBuildPhase;
			buildActionMask = 2147483647;
			files = (
				E182DFDD259C68D70073A9AB /* FavRestaurantsUITests.swift in Sources */,
			);
			runOnlyForDeploymentPostprocessing = 0;
		};
/* End PBXSourcesBuildPhase section */

/* Begin PBXTargetDependency section */
		E182DFCF259C68D70073A9AB /* PBXTargetDependency */ = {
			isa = PBXTargetDependency;
			target = E182DFB3259C68D60073A9AB /* FavRestaurants */;
			targetProxy = E182DFCE259C68D70073A9AB /* PBXContainerItemProxy */;
		};
		E182DFDA259C68D70073A9AB /* PBXTargetDependency */ = {
			isa = PBXTargetDependency;
			target = E182DFB3259C68D60073A9AB /* FavRestaurants */;
			targetProxy = E182DFD9259C68D70073A9AB /* PBXContainerItemProxy */;
		};
/* End PBXTargetDependency section */

/* Begin PBXVariantGroup section */
		E182DFBD259C68D60073A9AB /* Main.storyboard */ = {
			isa = PBXVariantGroup;
			children = (
				E182DFBE259C68D60073A9AB /* Base */,
			);
			name = Main.storyboard;
			sourceTree = "<group>";
		};
		E182DFC5259C68D60073A9AB /* LaunchScreen.storyboard */ = {
			isa = PBXVariantGroup;
			children = (
				E182DFC6259C68D60073A9AB /* Base */,
			);
			name = LaunchScreen.storyboard;
			sourceTree = "<group>";
		};
/* End PBXVariantGroup section */

/* Begin XCBuildConfiguration section */
		E182DFDF259C68D70073A9AB /* Debug */ = {
			isa = XCBuildConfiguration;
			buildSettings = {
				ALWAYS_SEARCH_USER_PATHS = NO;
				CLANG_ANALYZER_NONNULL = YES;
				CLANG_ANALYZER_NUMBER_OBJECT_CONVERSION = YES_AGGRESSIVE;
				CLANG_CXX_LANGUAGE_STANDARD = "gnu++14";
				CLANG_CXX_LIBRARY = "libc++";
				CLANG_ENABLE_MODULES = YES;
				CLANG_ENABLE_OBJC_ARC = YES;
				CLANG_ENABLE_OBJC_WEAK = YES;
				CLANG_WARN_BLOCK_CAPTURE_AUTORELEASING = YES;
				CLANG_WARN_BOOL_CONVERSION = YES;
				CLANG_WARN_COMMA = YES;
				CLANG_WARN_CONSTANT_CONVERSION = YES;
				CLANG_WARN_DEPRECATED_OBJC_IMPLEMENTATIONS = YES;
				CLANG_WARN_DIRECT_OBJC_ISA_USAGE = YES_ERROR;
				CLANG_WARN_DOCUMENTATION_COMMENTS = YES;
				CLANG_WARN_EMPTY_BODY = YES;
				CLANG_WARN_ENUM_CONVERSION = YES;
				CLANG_WARN_INFINITE_RECURSION = YES;
				CLANG_WARN_INT_CONVERSION = YES;
				CLANG_WARN_NON_LITERAL_NULL_CONVERSION = YES;
				CLANG_WARN_OBJC_IMPLICIT_RETAIN_SELF = YES;
				CLANG_WARN_OBJC_LITERAL_CONVERSION = YES;
				CLANG_WARN_OBJC_ROOT_CLASS = YES_ERROR;
				CLANG_WARN_QUOTED_INCLUDE_IN_FRAMEWORK_HEADER = YES;
				CLANG_WARN_RANGE_LOOP_ANALYSIS = YES;
				CLANG_WARN_STRICT_PROTOTYPES = YES;
				CLANG_WARN_SUSPICIOUS_MOVE = YES;
				CLANG_WARN_UNGUARDED_AVAILABILITY = YES_AGGRESSIVE;
				CLANG_WARN_UNREACHABLE_CODE = YES;
				CLANG_WARN__DUPLICATE_METHOD_MATCH = YES;
				COPY_PHASE_STRIP = NO;
				DEBUG_INFORMATION_FORMAT = dwarf;
				ENABLE_STRICT_OBJC_MSGSEND = YES;
				ENABLE_TESTABILITY = YES;
				GCC_C_LANGUAGE_STANDARD = gnu11;
				GCC_DYNAMIC_NO_PIC = NO;
				GCC_NO_COMMON_BLOCKS = YES;
				GCC_OPTIMIZATION_LEVEL = 0;
				GCC_PREPROCESSOR_DEFINITIONS = (
					"DEBUG=1",
					"$(inherited)",
				);
				GCC_WARN_64_TO_32_BIT_CONVERSION = YES;
				GCC_WARN_ABOUT_RETURN_TYPE = YES_ERROR;
				GCC_WARN_UNDECLARED_SELECTOR = YES;
				GCC_WARN_UNINITIALIZED_AUTOS = YES_AGGRESSIVE;
				GCC_WARN_UNUSED_FUNCTION = YES;
				GCC_WARN_UNUSED_VARIABLE = YES;
				IPHONEOS_DEPLOYMENT_TARGET = 14.3;
				MTL_ENABLE_DEBUG_INFO = INCLUDE_SOURCE;
				MTL_FAST_MATH = YES;
				ONLY_ACTIVE_ARCH = YES;
				SDKROOT = iphoneos;
				SWIFT_ACTIVE_COMPILATION_CONDITIONS = DEBUG;
				SWIFT_OPTIMIZATION_LEVEL = "-Onone";
			};
			name = Debug;
		};
		E182DFE0259C68D70073A9AB /* Release */ = {
			isa = XCBuildConfiguration;
			buildSettings = {
				ALWAYS_SEARCH_USER_PATHS = NO;
				CLANG_ANALYZER_NONNULL = YES;
				CLANG_ANALYZER_NUMBER_OBJECT_CONVERSION = YES_AGGRESSIVE;
				CLANG_CXX_LANGUAGE_STANDARD = "gnu++14";
				CLANG_CXX_LIBRARY = "libc++";
				CLANG_ENABLE_MODULES = YES;
				CLANG_ENABLE_OBJC_ARC = YES;
				CLANG_ENABLE_OBJC_WEAK = YES;
				CLANG_WARN_BLOCK_CAPTURE_AUTORELEASING = YES;
				CLANG_WARN_BOOL_CONVERSION = YES;
				CLANG_WARN_COMMA = YES;
				CLANG_WARN_CONSTANT_CONVERSION = YES;
				CLANG_WARN_DEPRECATED_OBJC_IMPLEMENTATIONS = YES;
				CLANG_WARN_DIRECT_OBJC_ISA_USAGE = YES_ERROR;
				CLANG_WARN_DOCUMENTATION_COMMENTS = YES;
				CLANG_WARN_EMPTY_BODY = YES;
				CLANG_WARN_ENUM_CONVERSION = YES;
				CLANG_WARN_INFINITE_RECURSION = YES;
				CLANG_WARN_INT_CONVERSION = YES;
				CLANG_WARN_NON_LITERAL_NULL_CONVERSION = YES;
				CLANG_WARN_OBJC_IMPLICIT_RETAIN_SELF = YES;
				CLANG_WARN_OBJC_LITERAL_CONVERSION = YES;
				CLANG_WARN_OBJC_ROOT_CLASS = YES_ERROR;
				CLANG_WARN_QUOTED_INCLUDE_IN_FRAMEWORK_HEADER = YES;
				CLANG_WARN_RANGE_LOOP_ANALYSIS = YES;
				CLANG_WARN_STRICT_PROTOTYPES = YES;
				CLANG_WARN_SUSPICIOUS_MOVE = YES;
				CLANG_WARN_UNGUARDED_AVAILABILITY = YES_AGGRESSIVE;
				CLANG_WARN_UNREACHABLE_CODE = YES;
				CLANG_WARN__DUPLICATE_METHOD_MATCH = YES;
				COPY_PHASE_STRIP = NO;
				DEBUG_INFORMATION_FORMAT = "dwarf-with-dsym";
				ENABLE_NS_ASSERTIONS = NO;
				ENABLE_STRICT_OBJC_MSGSEND = YES;
				GCC_C_LANGUAGE_STANDARD = gnu11;
				GCC_NO_COMMON_BLOCKS = YES;
				GCC_WARN_64_TO_32_BIT_CONVERSION = YES;
				GCC_WARN_ABOUT_RETURN_TYPE = YES_ERROR;
				GCC_WARN_UNDECLARED_SELECTOR = YES;
				GCC_WARN_UNINITIALIZED_AUTOS = YES_AGGRESSIVE;
				GCC_WARN_UNUSED_FUNCTION = YES;
				GCC_WARN_UNUSED_VARIABLE = YES;
				IPHONEOS_DEPLOYMENT_TARGET = 14.3;
				MTL_ENABLE_DEBUG_INFO = NO;
				MTL_FAST_MATH = YES;
				SDKROOT = iphoneos;
				SWIFT_COMPILATION_MODE = wholemodule;
				SWIFT_OPTIMIZATION_LEVEL = "-O";
				VALIDATE_PRODUCT = YES;
			};
			name = Release;
		};
		E182DFE2259C68D70073A9AB /* Debug */ = {
			isa = XCBuildConfiguration;
			buildSettings = {
				ASSETCATALOG_COMPILER_APPICON_NAME = AppIcon;
				ASSETCATALOG_COMPILER_GLOBAL_ACCENT_COLOR_NAME = AccentColor;
				CODE_SIGN_STYLE = Automatic;
				DEVELOPMENT_TEAM = 9LMNJBHUN5;
				INFOPLIST_FILE = FavRestaurants/Info.plist;
				LD_RUNPATH_SEARCH_PATHS = (
					"$(inherited)",
					"@executable_path/Frameworks",
				);
				PRODUCT_BUNDLE_IDENTIFIER = com.udacity.FavRestaurants;
				PRODUCT_NAME = "$(TARGET_NAME)";
				SWIFT_VERSION = 5.0;
				TARGETED_DEVICE_FAMILY = "1,2";
			};
			name = Debug;
		};
		E182DFE3259C68D70073A9AB /* Release */ = {
			isa = XCBuildConfiguration;
			buildSettings = {
				ASSETCATALOG_COMPILER_APPICON_NAME = AppIcon;
				ASSETCATALOG_COMPILER_GLOBAL_ACCENT_COLOR_NAME = AccentColor;
				CODE_SIGN_STYLE = Automatic;
				DEVELOPMENT_TEAM = 9LMNJBHUN5;
				INFOPLIST_FILE = FavRestaurants/Info.plist;
				LD_RUNPATH_SEARCH_PATHS = (
					"$(inherited)",
					"@executable_path/Frameworks",
				);
				PRODUCT_BUNDLE_IDENTIFIER = com.udacity.FavRestaurants;
				PRODUCT_NAME = "$(TARGET_NAME)";
				SWIFT_VERSION = 5.0;
				TARGETED_DEVICE_FAMILY = "1,2";
			};
			name = Release;
		};
		E182DFE5259C68D70073A9AB /* Debug */ = {
			isa = XCBuildConfiguration;
			buildSettings = {
				ALWAYS_EMBED_SWIFT_STANDARD_LIBRARIES = YES;
				BUNDLE_LOADER = "$(TEST_HOST)";
				CODE_SIGN_STYLE = Automatic;
				DEVELOPMENT_TEAM = 9LMNJBHUN5;
				INFOPLIST_FILE = FavRestaurantsTests/Info.plist;
				IPHONEOS_DEPLOYMENT_TARGET = 14.3;
				LD_RUNPATH_SEARCH_PATHS = (
					"$(inherited)",
					"@executable_path/Frameworks",
					"@loader_path/Frameworks",
				);
				PRODUCT_BUNDLE_IDENTIFIER = com.udacity.FavRestaurantsTests;
				PRODUCT_NAME = "$(TARGET_NAME)";
				SWIFT_VERSION = 5.0;
				TARGETED_DEVICE_FAMILY = "1,2";
				TEST_HOST = "$(BUILT_PRODUCTS_DIR)/FavRestaurants.app/FavRestaurants";
			};
			name = Debug;
		};
		E182DFE6259C68D70073A9AB /* Release */ = {
			isa = XCBuildConfiguration;
			buildSettings = {
				ALWAYS_EMBED_SWIFT_STANDARD_LIBRARIES = YES;
				BUNDLE_LOADER = "$(TEST_HOST)";
				CODE_SIGN_STYLE = Automatic;
				DEVELOPMENT_TEAM = 9LMNJBHUN5;
				INFOPLIST_FILE = FavRestaurantsTests/Info.plist;
				IPHONEOS_DEPLOYMENT_TARGET = 14.3;
				LD_RUNPATH_SEARCH_PATHS = (
					"$(inherited)",
					"@executable_path/Frameworks",
					"@loader_path/Frameworks",
				);
				PRODUCT_BUNDLE_IDENTIFIER = com.udacity.FavRestaurantsTests;
				PRODUCT_NAME = "$(TARGET_NAME)";
				SWIFT_VERSION = 5.0;
				TARGETED_DEVICE_FAMILY = "1,2";
				TEST_HOST = "$(BUILT_PRODUCTS_DIR)/FavRestaurants.app/FavRestaurants";
			};
			name = Release;
		};
		E182DFE8259C68D70073A9AB /* Debug */ = {
			isa = XCBuildConfiguration;
			buildSettings = {
				ALWAYS_EMBED_SWIFT_STANDARD_LIBRARIES = YES;
				CODE_SIGN_STYLE = Automatic;
				DEVELOPMENT_TEAM = 9LMNJBHUN5;
				INFOPLIST_FILE = FavRestaurantsUITests/Info.plist;
				LD_RUNPATH_SEARCH_PATHS = (
					"$(inherited)",
					"@executable_path/Frameworks",
					"@loader_path/Frameworks",
				);
				PRODUCT_BUNDLE_IDENTIFIER = com.udacity.FavRestaurantsUITests;
				PRODUCT_NAME = "$(TARGET_NAME)";
				SWIFT_VERSION = 5.0;
				TARGETED_DEVICE_FAMILY = "1,2";
				TEST_TARGET_NAME = FavRestaurants;
			};
			name = Debug;
		};
		E182DFE9259C68D70073A9AB /* Release */ = {
			isa = XCBuildConfiguration;
			buildSettings = {
				ALWAYS_EMBED_SWIFT_STANDARD_LIBRARIES = YES;
				CODE_SIGN_STYLE = Automatic;
				DEVELOPMENT_TEAM = 9LMNJBHUN5;
				INFOPLIST_FILE = FavRestaurantsUITests/Info.plist;
				LD_RUNPATH_SEARCH_PATHS = (
					"$(inherited)",
					"@executable_path/Frameworks",
					"@loader_path/Frameworks",
				);
				PRODUCT_BUNDLE_IDENTIFIER = com.udacity.FavRestaurantsUITests;
				PRODUCT_NAME = "$(TARGET_NAME)";
				SWIFT_VERSION = 5.0;
				TARGETED_DEVICE_FAMILY = "1,2";
				TEST_TARGET_NAME = FavRestaurants;
			};
			name = Release;
		};
/* End XCBuildConfiguration section */

/* Begin XCConfigurationList section */
		E182DFAF259C68D50073A9AB /* Build configuration list for PBXProject "FavRestaurants" */ = {
			isa = XCConfigurationList;
			buildConfigurations = (
				E182DFDF259C68D70073A9AB /* Debug */,
				E182DFE0259C68D70073A9AB /* Release */,
			);
			defaultConfigurationIsVisible = 0;
			defaultConfigurationName = Release;
		};
		E182DFE1259C68D70073A9AB /* Build configuration list for PBXNativeTarget "FavRestaurants" */ = {
			isa = XCConfigurationList;
			buildConfigurations = (
				E182DFE2259C68D70073A9AB /* Debug */,
				E182DFE3259C68D70073A9AB /* Release */,
			);
			defaultConfigurationIsVisible = 0;
			defaultConfigurationName = Release;
		};
		E182DFE4259C68D70073A9AB /* Build configuration list for PBXNativeTarget "FavRestaurantsTests" */ = {
			isa = XCConfigurationList;
			buildConfigurations = (
				E182DFE5259C68D70073A9AB /* Debug */,
				E182DFE6259C68D70073A9AB /* Release */,
			);
			defaultConfigurationIsVisible = 0;
			defaultConfigurationName = Release;
		};
		E182DFE7259C68D70073A9AB /* Build configuration list for PBXNativeTarget "FavRestaurantsUITests" */ = {
			isa = XCConfigurationList;
			buildConfigurations = (
				E182DFE8259C68D70073A9AB /* Debug */,
				E182DFE9259C68D70073A9AB /* Release */,
			);
			defaultConfigurationIsVisible = 0;
			defaultConfigurationName = Release;
		};
/* End XCConfigurationList section */

/* Begin XCVersionGroup section */
		E182DFC0259C68D60073A9AB /* FavRestaurants.xcdatamodeld */ = {
			isa = XCVersionGroup;
			children = (
				E182DFC1259C68D60073A9AB /* FavRestaurants.xcdatamodel */,
			);
			currentVersion = E182DFC1259C68D60073A9AB /* FavRestaurants.xcdatamodel */;
			path = FavRestaurants.xcdatamodeld;
			sourceTree = "<group>";
			versionGroupType = wrapper.xcdatamodel;
		};
/* End XCVersionGroup section */
	};
	rootObject = E182DFAC259C68D50073A9AB /* Project object */;
}
